
Microsoft Visual Studio Solution File, Format Version 12.00
Project("{FAE04EC0-301F-11D3-BF4B-00C04F79EFBC}") = "test-backend", "test-backend.csproj", "{C07BBFD0-0BAA-4765-8900-A4A4E3F6A6E2}"
EndProject
Global
	GlobalSection(SolutionConfigurationPlatforms) = preSolution
		Debug|Any CPU = Debug|Any CPU
		Release|Any CPU = Release|Any CPU
	EndGlobalSection
	GlobalSection(ProjectConfigurationPlatforms) = postSolution
		{C07BBFD0-0BAA-4765-8900-A4A4E3F6A6E2}.Debug|Any CPU.ActiveCfg = Debug|Any CPU
		{C07BBFD0-0BAA-4765-8900-A4A4E3F6A6E2}.Debug|Any CPU.Build.0 = Debug|Any CPU
		{C07BBFD0-0BAA-4765-8900-A4A4E3F6A6E2}.Release|Any CPU.ActiveCfg = Release|Any CPU
		{C07BBFD0-0BAA-4765-8900-A4A4E3F6A6E2}.Release|Any CPU.Build.0 = Release|Any CPU
	EndGlobalSection
EndGlobal
